// !$*UTF8*$!
{
	archiveVersion = 1;
	classes = {
	};
	objectVersion = 56;
	objects = {

/* Begin PBXBuildFile section */
		DF18A9F029296EE100533C8B /* CryptifyApp.swift in Sources */ = {isa = PBXBuildFile; fileRef = DF18A9EF29296EE100533C8B /* CryptifyApp.swift */; };
		DF18A9F229296EE100533C8B /* ContentView.swift in Sources */ = {isa = PBXBuildFile; fileRef = DF18A9F129296EE100533C8B /* ContentView.swift */; };
		DF18A9F429296EE300533C8B /* Assets.xcassets in Resources */ = {isa = PBXBuildFile; fileRef = DF18A9F329296EE300533C8B /* Assets.xcassets */; };
		DF18A9F729296EE300533C8B /* Preview Assets.xcassets in Resources */ = {isa = PBXBuildFile; fileRef = DF18A9F629296EE300533C8B /* Preview Assets.xcassets */; };
		DF18AA012929701500533C8B /* MarketsView.swift in Sources */ = {isa = PBXBuildFile; fileRef = DF18AA002929701500533C8B /* MarketsView.swift */; };
		DF18AA03292970A500533C8B /* MarketsViewModel.swift in Sources */ = {isa = PBXBuildFile; fileRef = DF18AA02292970A500533C8B /* MarketsViewModel.swift */; };
		DF18AA052929718B00533C8B /* Symbol.swift in Sources */ = {isa = PBXBuildFile; fileRef = DF18AA042929718B00533C8B /* Symbol.swift */; };
		DF18AA07292972B000533C8B /* API.swift in Sources */ = {isa = PBXBuildFile; fileRef = DF18AA06292972B000533C8B /* API.swift */; };
		DF4E7D61292A763D004881A0 /* PairView.swift in Sources */ = {isa = PBXBuildFile; fileRef = DF4E7D60292A763D004881A0 /* PairView.swift */; };
		DF4E7D63292A769D004881A0 /* DailyChangeView.swift in Sources */ = {isa = PBXBuildFile; fileRef = DF4E7D62292A769D004881A0 /* DailyChangeView.swift */; };
		DF4E7D65292A772F004881A0 /* RowSeparatorView.swift in Sources */ = {isa = PBXBuildFile; fileRef = DF4E7D64292A772F004881A0 /* RowSeparatorView.swift */; };
		DF4E7D69292A7925004881A0 /* SymbolsGridLoading.swift in Sources */ = {isa = PBXBuildFile; fileRef = DF4E7D68292A7925004881A0 /* SymbolsGridLoading.swift */; };
		DF4E7D6B292A7B98004881A0 /* ConnectionStatus.swift in Sources */ = {isa = PBXBuildFile; fileRef = DF4E7D6A292A7B98004881A0 /* ConnectionStatus.swift */; };
		DFC0D89E292A0B2B00907736 /* SymbolsGridView.swift in Sources */ = {isa = PBXBuildFile; fileRef = DFC0D89D292A0B2B00907736 /* SymbolsGridView.swift */; };
		DFC0D8A0292A146F00907736 /* Styles.swift in Sources */ = {isa = PBXBuildFile; fileRef = DFC0D89F292A146F00907736 /* Styles.swift */; };
		DFC0D8A2292A4E6500907736 /* HeaderLogoView.swift in Sources */ = {isa = PBXBuildFile; fileRef = DFC0D8A1292A4E6500907736 /* HeaderLogoView.swift */; };
		DFC0D8A4292A557C00907736 /* TodayHeadingView.swift in Sources */ = {isa = PBXBuildFile; fileRef = DFC0D8A3292A557C00907736 /* TodayHeadingView.swift */; };
		DFC0D8A6292A580000907736 /* MarketsHeaderView.swift in Sources */ = {isa = PBXBuildFile; fileRef = DFC0D8A5292A580000907736 /* MarketsHeaderView.swift */; };
/* End PBXBuildFile section */

/* Begin PBXFileReference section */
		DF18A9EC29296EE100533C8B /* Cryptify.app */ = {isa = PBXFileReference; explicitFileType = wrapper.application; includeInIndex = 0; path = Cryptify.app; sourceTree = BUILT_PRODUCTS_DIR; };
		DF18A9EF29296EE100533C8B /* CryptifyApp.swift */ = {isa = PBXFileReference; lastKnownFileType = sourcecode.swift; path = CryptifyApp.swift; sourceTree = "<group>"; };
		DF18A9F129296EE100533C8B /* ContentView.swift */ = {isa = PBXFileReference; lastKnownFileType = sourcecode.swift; path = ContentView.swift; sourceTree = "<group>"; };
		DF18A9F329296EE300533C8B /* Assets.xcassets */ = {isa = PBXFileReference; lastKnownFileType = folder.assetcatalog; path = Assets.xcassets; sourceTree = "<group>"; };
		DF18A9F629296EE300533C8B /* Preview Assets.xcassets */ = {isa = PBXFileReference; lastKnownFileType = folder.assetcatalog; path = "Preview Assets.xcassets"; sourceTree = "<group>"; };
		DF18AA002929701500533C8B /* MarketsView.swift */ = {isa = PBXFileReference; lastKnownFileType = sourcecode.swift; path = MarketsView.swift; sourceTree = "<group>"; };
		DF18AA02292970A500533C8B /* MarketsViewModel.swift */ = {isa = PBXFileReference; lastKnownFileType = sourcecode.swift; path = MarketsViewModel.swift; sourceTree = "<group>"; };
		DF18AA042929718B00533C8B /* Symbol.swift */ = {isa = PBXFileReference; lastKnownFileType = sourcecode.swift; path = Symbol.swift; sourceTree = "<group>"; };
		DF18AA06292972B000533C8B /* API.swift */ = {isa = PBXFileReference; lastKnownFileType = sourcecode.swift; path = API.swift; sourceTree = "<group>"; };
		DF4E7D60292A763D004881A0 /* PairView.swift */ = {isa = PBXFileReference; lastKnownFileType = sourcecode.swift; path = PairView.swift; sourceTree = "<group>"; };
		DF4E7D62292A769D004881A0 /* DailyChangeView.swift */ = {isa = PBXFileReference; lastKnownFileType = sourcecode.swift; path = DailyChangeView.swift; sourceTree = "<group>"; };
		DF4E7D64292A772F004881A0 /* RowSeparatorView.swift */ = {isa = PBXFileReference; lastKnownFileType = sourcecode.swift; path = RowSeparatorView.swift; sourceTree = "<group>"; };
		DF4E7D68292A7925004881A0 /* SymbolsGridLoading.swift */ = {isa = PBXFileReference; lastKnownFileType = sourcecode.swift; path = SymbolsGridLoading.swift; sourceTree = "<group>"; };
		DF4E7D6A292A7B98004881A0 /* ConnectionStatus.swift */ = {isa = PBXFileReference; lastKnownFileType = sourcecode.swift; path = ConnectionStatus.swift; sourceTree = "<group>"; };
		DFC0D89D292A0B2B00907736 /* SymbolsGridView.swift */ = {isa = PBXFileReference; lastKnownFileType = sourcecode.swift; path = SymbolsGridView.swift; sourceTree = "<group>"; };
		DFC0D89F292A146F00907736 /* Styles.swift */ = {isa = PBXFileReference; lastKnownFileType = sourcecode.swift; path = Styles.swift; sourceTree = "<group>"; };
		DFC0D8A1292A4E6500907736 /* HeaderLogoView.swift */ = {isa = PBXFileReference; lastKnownFileType = sourcecode.swift; path = HeaderLogoView.swift; sourceTree = "<group>"; };
		DFC0D8A3292A557C00907736 /* TodayHeadingView.swift */ = {isa = PBXFileReference; lastKnownFileType = sourcecode.swift; path = TodayHeadingView.swift; sourceTree = "<group>"; };
		DFC0D8A5292A580000907736 /* MarketsHeaderView.swift */ = {isa = PBXFileReference; lastKnownFileType = sourcecode.swift; path = MarketsHeaderView.swift; sourceTree = "<group>"; };
/* End PBXFileReference section */

/* Begin PBXFrameworksBuildPhase section */
		DF18A9E929296EE100533C8B /* Frameworks */ = {
			isa = PBXFrameworksBuildPhase;
			buildActionMask = 2147483647;
			files = (
			);
			runOnlyForDeploymentPostprocessing = 0;
		};
/* End PBXFrameworksBuildPhase section */

/* Begin PBXGroup section */
		DF18A9E329296EE100533C8B = {
			isa = PBXGroup;
			children = (
				DF18A9EE29296EE100533C8B /* Cryptify */,
				DF18A9ED29296EE100533C8B /* Products */,
			);
			sourceTree = "<group>";
		};
		DF18A9ED29296EE100533C8B /* Products */ = {
			isa = PBXGroup;
			children = (
				DF18A9EC29296EE100533C8B /* Cryptify.app */,
			);
			name = Products;
			sourceTree = "<group>";
		};
		DF18A9EE29296EE100533C8B /* Cryptify */ = {
			isa = PBXGroup;
			children = (
				DF18A9EF29296EE100533C8B /* CryptifyApp.swift */,
				DF18AA06292972B000533C8B /* API.swift */,
				DF18A9FE29296FB100533C8B /* View */,
				DF18A9FD29296FA800533C8B /* Model */,
				DF18A9F329296EE300533C8B /* Assets.xcassets */,
				DF18A9F529296EE300533C8B /* Preview Content */,
			);
			path = Cryptify;
			sourceTree = "<group>";
		};
		DF18A9F529296EE300533C8B /* Preview Content */ = {
			isa = PBXGroup;
			children = (
				DF18A9F629296EE300533C8B /* Preview Assets.xcassets */,
			);
			path = "Preview Content";
			sourceTree = "<group>";
		};
		DF18A9FD29296FA800533C8B /* Model */ = {
			isa = PBXGroup;
			children = (
				DF18AA042929718B00533C8B /* Symbol.swift */,
			);
			path = Model;
			sourceTree = "<group>";
		};
		DF18A9FE29296FB100533C8B /* View */ = {
			isa = PBXGroup;
			children = (
				DF18A9F129296EE100533C8B /* ContentView.swift */,
				DFC0D8A1292A4E6500907736 /* HeaderLogoView.swift */,
				DFC0D89F292A146F00907736 /* Styles.swift */,
				DF18A9FF29296FEE00533C8B /* Markets */,
			);
			path = View;
			sourceTree = "<group>";
		};
		DF18A9FF29296FEE00533C8B /* Markets */ = {
			isa = PBXGroup;
			children = (
				DF18AA02292970A500533C8B /* MarketsViewModel.swift */,
				DF18AA002929701500533C8B /* MarketsView.swift */,
				DFC0D8A5292A580000907736 /* MarketsHeaderView.swift */,
				DFC0D8A3292A557C00907736 /* TodayHeadingView.swift */,
				DF4E7D6A292A7B98004881A0 /* ConnectionStatus.swift */,
				DFC0D89D292A0B2B00907736 /* SymbolsGridView.swift */,
				DF4E7D68292A7925004881A0 /* SymbolsGridLoading.swift */,
				DF4E7D60292A763D004881A0 /* PairView.swift */,
				DF4E7D62292A769D004881A0 /* DailyChangeView.swift */,
				DF4E7D64292A772F004881A0 /* RowSeparatorView.swift */,
			);
			path = Markets;
			sourceTree = "<group>";
		};
/* End PBXGroup section */

/* Begin PBXNativeTarget section */
		DF18A9EB29296EE100533C8B /* Cryptify */ = {
			isa = PBXNativeTarget;
			buildConfigurationList = DF18A9FA29296EE300533C8B /* Build configuration list for PBXNativeTarget "Cryptify" */;
			buildPhases = (
				DF18A9E829296EE100533C8B /* Sources */,
				DF18A9E929296EE100533C8B /* Frameworks */,
				DF18A9EA29296EE100533C8B /* Resources */,
			);
			buildRules = (
			);
			dependencies = (
			);
			name = Cryptify;
			productName = Cryptify;
			productReference = DF18A9EC29296EE100533C8B /* Cryptify.app */;
			productType = "com.apple.product-type.application";
		};
/* End PBXNativeTarget section */

/* Begin PBXProject section */
		DF18A9E429296EE100533C8B /* Project object */ = {
			isa = PBXProject;
			attributes = {
				BuildIndependentTargetsInParallel = 1;
				LastSwiftUpdateCheck = 1400;
				LastUpgradeCheck = 1400;
				TargetAttributes = {
					DF18A9EB29296EE100533C8B = {
						CreatedOnToolsVersion = 14.0.1;
					};
				};
			};
			buildConfigurationList = DF18A9E729296EE100533C8B /* Build configuration list for PBXProject "Cryptify" */;
			compatibilityVersion = "Xcode 14.0";
			developmentRegion = en;
			hasScannedForEncodings = 0;
			knownRegions = (
				en,
				Base,
			);
			mainGroup = DF18A9E329296EE100533C8B;
			productRefGroup = DF18A9ED29296EE100533C8B /* Products */;
			projectDirPath = "";
			projectRoot = "";
			targets = (
				DF18A9EB29296EE100533C8B /* Cryptify */,
			);
		};
/* End PBXProject section */

/* Begin PBXResourcesBuildPhase section */
		DF18A9EA29296EE100533C8B /* Resources */ = {
			isa = PBXResourcesBuildPhase;
			buildActionMask = 2147483647;
			files = (
				DF18A9F729296EE300533C8B /* Preview Assets.xcassets in Resources */,
				DF18A9F429296EE300533C8B /* Assets.xcassets in Resources */,
			);
			runOnlyForDeploymentPostprocessing = 0;
		};
/* End PBXResourcesBuildPhase section */

/* Begin PBXSourcesBuildPhase section */
		DF18A9E829296EE100533C8B /* Sources */ = {
			isa = PBXSourcesBuildPhase;
			buildActionMask = 2147483647;
			files = (
				DF4E7D61292A763D004881A0 /* PairView.swift in Sources */,
				DF18AA03292970A500533C8B /* MarketsViewModel.swift in Sources */,
				DF18AA052929718B00533C8B /* Symbol.swift in Sources */,
				DFC0D8A6292A580000907736 /* MarketsHeaderView.swift in Sources */,
				DF18AA012929701500533C8B /* MarketsView.swift in Sources */,
				DF4E7D6B292A7B98004881A0 /* ConnectionStatus.swift in Sources */,
				DF4E7D65292A772F004881A0 /* RowSeparatorView.swift in Sources */,
				DFC0D8A0292A146F00907736 /* Styles.swift in Sources */,
				DF18A9F229296EE100533C8B /* ContentView.swift in Sources */,
				DFC0D8A2292A4E6500907736 /* HeaderLogoView.swift in Sources */,
				DF4E7D69292A7925004881A0 /* SymbolsGridLoading.swift in Sources */,
				DF18AA07292972B000533C8B /* API.swift in Sources */,
				DF18A9F029296EE100533C8B /* CryptifyApp.swift in Sources */,
				DFC0D89E292A0B2B00907736 /* SymbolsGridView.swift in Sources */,
				DF4E7D63292A769D004881A0 /* DailyChangeView.swift in Sources */,
				DFC0D8A4292A557C00907736 /* TodayHeadingView.swift in Sources */,
			);
			runOnlyForDeploymentPostprocessing = 0;
		};
/* End PBXSourcesBuildPhase section */

/* Begin XCBuildConfiguration section */
		DF18A9F829296EE300533C8B /* Debug */ = {
			isa = XCBuildConfiguration;
			buildSettings = {
				ALWAYS_SEARCH_USER_PATHS = NO;
				CLANG_ANALYZER_NONNULL = YES;
				CLANG_ANALYZER_NUMBER_OBJECT_CONVERSION = YES_AGGRESSIVE;
				CLANG_CXX_LANGUAGE_STANDARD = "gnu++20";
				CLANG_ENABLE_MODULES = YES;
				CLANG_ENABLE_OBJC_ARC = YES;
				CLANG_ENABLE_OBJC_WEAK = YES;
				CLANG_WARN_BLOCK_CAPTURE_AUTORELEASING = YES;
				CLANG_WARN_BOOL_CONVERSION = YES;
				CLANG_WARN_COMMA = YES;
				CLANG_WARN_CONSTANT_CONVERSION = YES;
				CLANG_WARN_DEPRECATED_OBJC_IMPLEMENTATIONS = YES;
				CLANG_WARN_DIRECT_OBJC_ISA_USAGE = YES_ERROR;
				CLANG_WARN_DOCUMENTATION_COMMENTS = YES;
				CLANG_WARN_EMPTY_BODY = YES;
				CLANG_WARN_ENUM_CONVERSION = YES;
				CLANG_WARN_INFINITE_RECURSION = YES;
				CLANG_WARN_INT_CONVERSION = YES;
				CLANG_WARN_NON_LITERAL_NULL_CONVERSION = YES;
				CLANG_WARN_OBJC_IMPLICIT_RETAIN_SELF = YES;
				CLANG_WARN_OBJC_LITERAL_CONVERSION = YES;
				CLANG_WARN_OBJC_ROOT_CLASS = YES_ERROR;
				CLANG_WARN_QUOTED_INCLUDE_IN_FRAMEWORK_HEADER = YES;
				CLANG_WARN_RANGE_LOOP_ANALYSIS = YES;
				CLANG_WARN_STRICT_PROTOTYPES = YES;
				CLANG_WARN_SUSPICIOUS_MOVE = YES;
				CLANG_WARN_UNGUARDED_AVAILABILITY = YES_AGGRESSIVE;
				CLANG_WARN_UNREACHABLE_CODE = YES;
				CLANG_WARN__DUPLICATE_METHOD_MATCH = YES;
				COPY_PHASE_STRIP = NO;
				DEBUG_INFORMATION_FORMAT = dwarf;
				ENABLE_STRICT_OBJC_MSGSEND = YES;
				ENABLE_TESTABILITY = YES;
				GCC_C_LANGUAGE_STANDARD = gnu11;
				GCC_DYNAMIC_NO_PIC = NO;
				GCC_NO_COMMON_BLOCKS = YES;
				GCC_OPTIMIZATION_LEVEL = 0;
				GCC_PREPROCESSOR_DEFINITIONS = (
					"DEBUG=1",
					"$(inherited)",
				);
				GCC_WARN_64_TO_32_BIT_CONVERSION = YES;
				GCC_WARN_ABOUT_RETURN_TYPE = YES_ERROR;
				GCC_WARN_UNDECLARED_SELECTOR = YES;
				GCC_WARN_UNINITIALIZED_AUTOS = YES_AGGRESSIVE;
				GCC_WARN_UNUSED_FUNCTION = YES;
				GCC_WARN_UNUSED_VARIABLE = YES;
				IPHONEOS_DEPLOYMENT_TARGET = 16.0;
				MTL_ENABLE_DEBUG_INFO = INCLUDE_SOURCE;
				MTL_FAST_MATH = YES;
				ONLY_ACTIVE_ARCH = YES;
				SDKROOT = iphoneos;
				SWIFT_ACTIVE_COMPILATION_CONDITIONS = DEBUG;
				SWIFT_OPTIMIZATION_LEVEL = "-Onone";
			};
			name = Debug;
		};
		DF18A9F929296EE300533C8B /* Release */ = {
			isa = XCBuildConfiguration;
			buildSettings = {
				ALWAYS_SEARCH_USER_PATHS = NO;
				CLANG_ANALYZER_NONNULL = YES;
				CLANG_ANALYZER_NUMBER_OBJECT_CONVERSION = YES_AGGRESSIVE;
				CLANG_CXX_LANGUAGE_STANDARD = "gnu++20";
				CLANG_ENABLE_MODULES = YES;
				CLANG_ENABLE_OBJC_ARC = YES;
				CLANG_ENABLE_OBJC_WEAK = YES;
				CLANG_WARN_BLOCK_CAPTURE_AUTORELEASING = YES;
				CLANG_WARN_BOOL_CONVERSION = YES;
				CLANG_WARN_COMMA = YES;
				CLANG_WARN_CONSTANT_CONVERSION = YES;
				CLANG_WARN_DEPRECATED_OBJC_IMPLEMENTATIONS = YES;
				CLANG_WARN_DIRECT_OBJC_ISA_USAGE = YES_ERROR;
				CLANG_WARN_DOCUMENTATION_COMMENTS = YES;
				CLANG_WARN_EMPTY_BODY = YES;
				CLANG_WARN_ENUM_CONVERSION = YES;
				CLANG_WARN_INFINITE_RECURSION = YES;
				CLANG_WARN_INT_CONVERSION = YES;
				CLANG_WARN_NON_LITERAL_NULL_CONVERSION = YES;
				CLANG_WARN_OBJC_IMPLICIT_RETAIN_SELF = YES;
				CLANG_WARN_OBJC_LITERAL_CONVERSION = YES;
				CLANG_WARN_OBJC_ROOT_CLASS = YES_ERROR;
				CLANG_WARN_QUOTED_INCLUDE_IN_FRAMEWORK_HEADER = YES;
				CLANG_WARN_RANGE_LOOP_ANALYSIS = YES;
				CLANG_WARN_STRICT_PROTOTYPES = YES;
				CLANG_WARN_SUSPICIOUS_MOVE = YES;
				CLANG_WARN_UNGUARDED_AVAILABILITY = YES_AGGRESSIVE;
				CLANG_WARN_UNREACHABLE_CODE = YES;
				CLANG_WARN__DUPLICATE_METHOD_MATCH = YES;
				COPY_PHASE_STRIP = NO;
				DEBUG_INFORMATION_FORMAT = "dwarf-with-dsym";
				ENABLE_NS_ASSERTIONS = NO;
				ENABLE_STRICT_OBJC_MSGSEND = YES;
				GCC_C_LANGUAGE_STANDARD = gnu11;
				GCC_NO_COMMON_BLOCKS = YES;
				GCC_WARN_64_TO_32_BIT_CONVERSION = YES;
				GCC_WARN_ABOUT_RETURN_TYPE = YES_ERROR;
				GCC_WARN_UNDECLARED_SELECTOR = YES;
				GCC_WARN_UNINITIALIZED_AUTOS = YES_AGGRESSIVE;
				GCC_WARN_UNUSED_FUNCTION = YES;
				GCC_WARN_UNUSED_VARIABLE = YES;
				IPHONEOS_DEPLOYMENT_TARGET = 16.0;
				MTL_ENABLE_DEBUG_INFO = NO;
				MTL_FAST_MATH = YES;
				SDKROOT = iphoneos;
				SWIFT_COMPILATION_MODE = wholemodule;
				SWIFT_OPTIMIZATION_LEVEL = "-O";
				VALIDATE_PRODUCT = YES;
			};
			name = Release;
		};
		DF18A9FB29296EE300533C8B /* Debug */ = {
			isa = XCBuildConfiguration;
			buildSettings = {
				ASSETCATALOG_COMPILER_APPICON_NAME = AppIcon;
				ASSETCATALOG_COMPILER_GLOBAL_ACCENT_COLOR_NAME = AccentColor;
				CODE_SIGN_STYLE = Automatic;
				CURRENT_PROJECT_VERSION = 1;
				DEVELOPMENT_ASSET_PATHS = "\"Cryptify/Preview Content\"";
				DEVELOPMENT_TEAM = S7CBC7Z8QU;
				ENABLE_PREVIEWS = YES;
				GENERATE_INFOPLIST_FILE = YES;
				INFOPLIST_KEY_UIApplicationSceneManifest_Generation = YES;
				INFOPLIST_KEY_UIApplicationSupportsIndirectInputEvents = YES;
				INFOPLIST_KEY_UILaunchScreen_Generation = YES;
				INFOPLIST_KEY_UISupportedInterfaceOrientations_iPad = "UIInterfaceOrientationPortrait UIInterfaceOrientationPortraitUpsideDown UIInterfaceOrientationLandscapeLeft UIInterfaceOrientationLandscapeRight";
				INFOPLIST_KEY_UISupportedInterfaceOrientations_iPhone = "UIInterfaceOrientationPortrait UIInterfaceOrientationLandscapeLeft UIInterfaceOrientationLandscapeRight";
				LD_RUNPATH_SEARCH_PATHS = (
					"$(inherited)",
					"@executable_path/Frameworks",
				);
				MARKETING_VERSION = 1.0;
				PRODUCT_BUNDLE_IDENTIFIER = com.babakjan.Cryptify;
				PRODUCT_NAME = "$(TARGET_NAME)";
				SWIFT_EMIT_LOC_STRINGS = YES;
				SWIFT_VERSION = 5.0;
				TARGETED_DEVICE_FAMILY = "1,2";
			};
			name = Debug;
		};
		DF18A9FC29296EE300533C8B /* Release */ = {
			isa = XCBuildConfiguration;
			buildSettings = {
				ASSETCATALOG_COMPILER_APPICON_NAME = AppIcon;
				ASSETCATALOG_COMPILER_GLOBAL_ACCENT_COLOR_NAME = AccentColor;
				CODE_SIGN_STYLE = Automatic;
				CURRENT_PROJECT_VERSION = 1;
				DEVELOPMENT_ASSET_PATHS = "\"Cryptify/Preview Content\"";
				DEVELOPMENT_TEAM = S7CBC7Z8QU;
				ENABLE_PREVIEWS = YES;
				GENERATE_INFOPLIST_FILE = YES;
				INFOPLIST_KEY_UIApplicationSceneManifest_Generation = YES;
				INFOPLIST_KEY_UIApplicationSupportsIndirectInputEvents = YES;
				INFOPLIST_KEY_UILaunchScreen_Generation = YES;
				INFOPLIST_KEY_UISupportedInterfaceOrientations_iPad = "UIInterfaceOrientationPortrait UIInterfaceOrientationPortraitUpsideDown UIInterfaceOrientationLandscapeLeft UIInterfaceOrientationLandscapeRight";
				INFOPLIST_KEY_UISupportedInterfaceOrientations_iPhone = "UIInterfaceOrientationPortrait UIInterfaceOrientationLandscapeLeft UIInterfaceOrientationLandscapeRight";
				LD_RUNPATH_SEARCH_PATHS = (
					"$(inherited)",
					"@executable_path/Frameworks",
				);
				MARKETING_VERSION = 1.0;
				PRODUCT_BUNDLE_IDENTIFIER = com.babakjan.Cryptify;
				PRODUCT_NAME = "$(TARGET_NAME)";
				SWIFT_EMIT_LOC_STRINGS = YES;
				SWIFT_VERSION = 5.0;
				TARGETED_DEVICE_FAMILY = "1,2";
			};
			name = Release;
		};
/* End XCBuildConfiguration section */

/* Begin XCConfigurationList section */
		DF18A9E729296EE100533C8B /* Build configuration list for PBXProject "Cryptify" */ = {
			isa = XCConfigurationList;
			buildConfigurations = (
				DF18A9F829296EE300533C8B /* Debug */,
				DF18A9F929296EE300533C8B /* Release */,
			);
			defaultConfigurationIsVisible = 0;
			defaultConfigurationName = Release;
		};
		DF18A9FA29296EE300533C8B /* Build configuration list for PBXNativeTarget "Cryptify" */ = {
			isa = XCConfigurationList;
			buildConfigurations = (
				DF18A9FB29296EE300533C8B /* Debug */,
				DF18A9FC29296EE300533C8B /* Release */,
			);
			defaultConfigurationIsVisible = 0;
			defaultConfigurationName = Release;
		};
/* End XCConfigurationList section */
	};
	rootObject = DF18A9E429296EE100533C8B /* Project object */;
}
